{
  "object": {
    "pins": [
      {
        "package": "Leanplum",
        "repositoryURL": "git@github.com:Leanplum/Leanplum-iOS-SDK.git",
        "state": {
          "branch": null,
          "revision": "e3aed7125847ef18493655863a6b9f536039b3f4",
          "version": "3.2.1"
        }
      }
    ]
  },
  "version": 1
}
